// !$*UTF8*$!
{
	archiveVersion = 1;
	classes = {
	};
	objectVersion = 77;
	objects = {

/* Begin PBXContainerItemProxy section */
		7691D1092E400A4800A0D08D /* PBXContainerItemProxy */ = {
			isa = PBXContainerItemProxy;
			containerPortal = 7691D0F32E400A4700A0D08D /* Project object */;
			proxyType = 1;
			remoteGlobalIDString = 7691D0FA2E400A4700A0D08D;
			remoteInfo = HealthViewer;
		};
		7691D1132E400A4B00A0D08D /* PBXContainerItemProxy */ = {
			isa = PBXContainerItemProxy;
			containerPortal = 7691D0F32E400A4700A0D08D /* Project object */;
			proxyType = 1;
			remoteGlobalIDString = 7691D0FA2E400A4700A0D08D;
			remoteInfo = HealthViewer;
		};
/* End PBXContainerItemProxy section */

/* Begin PBXFileReference section */
		7691D0FB2E400A4700A0D08D /* HealthViewer.app */ = {isa = PBXFileReference; explicitFileType = wrapper.application; includeInIndex = 0; path = HealthViewer.app; sourceTree = BUILT_PRODUCTS_DIR; };
		7691D1082E400A4800A0D08D /* HealthViewerTests.xctest */ = {isa = PBXFileReference; explicitFileType = wrapper.cfbundle; includeInIndex = 0; path = HealthViewerTests.xctest; sourceTree = BUILT_PRODUCTS_DIR; };
		7691D1122E400A4B00A0D08D /* HealthViewerUITests.xctest */ = {isa = PBXFileReference; explicitFileType = wrapper.cfbundle; includeInIndex = 0; path = HealthViewerUITests.xctest; sourceTree = BUILT_PRODUCTS_DIR; };
/* End PBXFileReference section */

/* Begin PBXFileSystemSynchronizedRootGroup section */
		7691D0FD2E400A4700A0D08D /* HealthViewer */ = {
			isa = PBXFileSystemSynchronizedRootGroup;
			path = HealthViewer;
			sourceTree = "<group>";
		};
		7691D10B2E400A4800A0D08D /* HealthViewerTests */ = {
			isa = PBXFileSystemSynchronizedRootGroup;
			path = HealthViewerTests;
			sourceTree = "<group>";
		};
		7691D1152E400A4B00A0D08D /* HealthViewerUITests */ = {
			isa = PBXFileSystemSynchronizedRootGroup;
			path = HealthViewerUITests;
			sourceTree = "<group>";
		};
/* End PBXFileSystemSynchronizedRootGroup section */

/* Begin PBXFrameworksBuildPhase section */
		7691D0F82E400A4700A0D08D /* Frameworks */ = {
			isa = PBXFrameworksBuildPhase;
			buildActionMask = 2147483647;
			files = (
			);
			runOnlyForDeploymentPostprocessing = 0;
		};
		7691D1052E400A4800A0D08D /* Frameworks */ = {
			isa = PBXFrameworksBuildPhase;
			buildActionMask = 2147483647;
			files = (
			);
			runOnlyForDeploymentPostprocessing = 0;
		};
		7691D10F2E400A4B00A0D08D /* Frameworks */ = {
			isa = PBXFrameworksBuildPhase;
			buildActionMask = 2147483647;
			files = (
			);
			runOnlyForDeploymentPostprocessing = 0;
		};
/* End PBXFrameworksBuildPhase section */

/* Begin PBXGroup section */
		7691D0F22E400A4700A0D08D = {
			isa = PBXGroup;
			children = (
				7691D0FD2E400A4700A0D08D /* HealthViewer */,
				7691D10B2E400A4800A0D08D /* HealthViewerTests */,
				7691D1152E400A4B00A0D08D /* HealthViewerUITests */,
				7691D0FC2E400A4700A0D08D /* Products */,
			);
			sourceTree = "<group>";
		};
		7691D0FC2E400A4700A0D08D /* Products */ = {
			isa = PBXGroup;
			children = (
				7691D0FB2E400A4700A0D08D /* HealthViewer.app */,
				7691D1082E400A4800A0D08D /* HealthViewerTests.xctest */,
				7691D1122E400A4B00A0D08D /* HealthViewerUITests.xctest */,
			);
			name = Products;
			sourceTree = "<group>";
		};
/* End PBXGroup section */

/* Begin PBXNativeTarget section */
		7691D0FA2E400A4700A0D08D /* HealthViewer */ = {
			isa = PBXNativeTarget;
			buildConfigurationList = 7691D11C2E400A4D00A0D08D /* Build configuration list for PBXNativeTarget "HealthViewer" */;
			buildPhases = (
				7691D0F72E400A4700A0D08D /* Sources */,
				7691D0F82E400A4700A0D08D /* Frameworks */,
				7691D0F92E400A4700A0D08D /* Resources */,
			);
			buildRules = (
			);
			dependencies = (
			);
			fileSystemSynchronizedGroups = (
				7691D0FD2E400A4700A0D08D /* HealthViewer */,
			);
			name = HealthViewer;
			packageProductDependencies = (
			);
			productName = HealthViewer;
			productReference = 7691D0FB2E400A4700A0D08D /* HealthViewer.app */;
			productType = "com.apple.product-type.application";
		};
		7691D1072E400A4800A0D08D /* HealthViewerTests */ = {
			isa = PBXNativeTarget;
			buildConfigurationList = 7691D11F2E400A4D00A0D08D /* Build configuration list for PBXNativeTarget "HealthViewerTests" */;
			buildPhases = (
				7691D1042E400A4800A0D08D /* Sources */,
				7691D1052E400A4800A0D08D /* Frameworks */,
				7691D1062E400A4800A0D08D /* Resources */,
			);
			buildRules = (
			);
			dependencies = (
				7691D10A2E400A4800A0D08D /* PBXTargetDependency */,
			);
			fileSystemSynchronizedGroups = (
				7691D10B2E400A4800A0D08D /* HealthViewerTests */,
			);
			name = HealthViewerTests;
			packageProductDependencies = (
			);
			productName = HealthViewerTests;
			productReference = 7691D1082E400A4800A0D08D /* HealthViewerTests.xctest */;
			productType = "com.apple.product-type.bundle.unit-test";
		};
		7691D1112E400A4B00A0D08D /* HealthViewerUITests */ = {
			isa = PBXNativeTarget;
			buildConfigurationList = 7691D1222E400A4D00A0D08D /* Build configuration list for PBXNativeTarget "HealthViewerUITests" */;
			buildPhases = (
				7691D10E2E400A4B00A0D08D /* Sources */,
				7691D10F2E400A4B00A0D08D /* Frameworks */,
				7691D1102E400A4B00A0D08D /* Resources */,
			);
			buildRules = (
			);
			dependencies = (
				7691D1142E400A4B00A0D08D /* PBXTargetDependency */,
			);
			fileSystemSynchronizedGroups = (
				7691D1152E400A4B00A0D08D /* HealthViewerUITests */,
			);
			name = HealthViewerUITests;
			packageProductDependencies = (
			);
			productName = HealthViewerUITests;
			productReference = 7691D1122E400A4B00A0D08D /* HealthViewerUITests.xctest */;
			productType = "com.apple.product-type.bundle.ui-testing";
		};
/* End PBXNativeTarget section */

/* Begin PBXProject section */
		7691D0F32E400A4700A0D08D /* Project object */ = {
			isa = PBXProject;
			attributes = {
				BuildIndependentTargetsInParallel = 1;
				LastSwiftUpdateCheck = 1640;
				LastUpgradeCheck = 1640;
				TargetAttributes = {
					7691D0FA2E400A4700A0D08D = {
						CreatedOnToolsVersion = 16.4;
					};
					7691D1072E400A4800A0D08D = {
						CreatedOnToolsVersion = 16.4;
						TestTargetID = 7691D0FA2E400A4700A0D08D;
					};
					7691D1112E400A4B00A0D08D = {
						CreatedOnToolsVersion = 16.4;
						TestTargetID = 7691D0FA2E400A4700A0D08D;
					};
				};
			};
			buildConfigurationList = 7691D0F62E400A4700A0D08D /* Build configuration list for PBXProject "HealthViewer" */;
			developmentRegion = en;
			hasScannedForEncodings = 0;
			knownRegions = (
				en,
				Base,
			);
			mainGroup = 7691D0F22E400A4700A0D08D;
			minimizedProjectReferenceProxies = 1;
			preferredProjectObjectVersion = 77;
			productRefGroup = 7691D0FC2E400A4700A0D08D /* Products */;
			projectDirPath = "";
			projectRoot = "";
			targets = (
				7691D0FA2E400A4700A0D08D /* HealthViewer */,
				7691D1072E400A4800A0D08D /* HealthViewerTests */,
				7691D1112E400A4B00A0D08D /* HealthViewerUITests */,
			);
		};
/* End PBXProject section */

/* Begin PBXResourcesBuildPhase section */
		7691D0F92E400A4700A0D08D /* Resources */ = {
			isa = PBXResourcesBuildPhase;
			buildActionMask = 2147483647;
			files = (
			);
			runOnlyForDeploymentPostprocessing = 0;
		};
		7691D1062E400A4800A0D08D /* Resources */ = {
			isa = PBXResourcesBuildPhase;
			buildActionMask = 2147483647;
			files = (
			);
			runOnlyForDeploymentPostprocessing = 0;
		};
		7691D1102E400A4B00A0D08D /* Resources */ = {
			isa = PBXResourcesBuildPhase;
			buildActionMask = 2147483647;
			files = (
			);
			runOnlyForDeploymentPostprocessing = 0;
		};
/* End PBXResourcesBuildPhase section */

/* Begin PBXSourcesBuildPhase section */
		7691D0F72E400A4700A0D08D /* Sources */ = {
			isa = PBXSourcesBuildPhase;
			buildActionMask = 2147483647;
			files = (
			);
			runOnlyForDeploymentPostprocessing = 0;
		};
		7691D1042E400A4800A0D08D /* Sources */ = {
			isa = PBXSourcesBuildPhase;
			buildActionMask = 2147483647;
			files = (
			);
			runOnlyForDeploymentPostprocessing = 0;
		};
		7691D10E2E400A4B00A0D08D /* Sources */ = {
			isa = PBXSourcesBuildPhase;
			buildActionMask = 2147483647;
			files = (
			);
			runOnlyForDeploymentPostprocessing = 0;
		};
/* End PBXSourcesBuildPhase section */

/* Begin PBXTargetDependency section */
		7691D10A2E400A4800A0D08D /* PBXTargetDependency */ = {
			isa = PBXTargetDependency;
			target = 7691D0FA2E400A4700A0D08D /* HealthViewer */;
			targetProxy = 7691D1092E400A4800A0D08D /* PBXContainerItemProxy */;
		};
		7691D1142E400A4B00A0D08D /* PBXTargetDependency */ = {
			isa = PBXTargetDependency;
			target = 7691D0FA2E400A4700A0D08D /* HealthViewer */;
			targetProxy = 7691D1132E400A4B00A0D08D /* PBXContainerItemProxy */;
		};
/* End PBXTargetDependency section */

/* Begin XCBuildConfiguration section */
		7691D11A2E400A4D00A0D08D /* Debug */ = {
			isa = XCBuildConfiguration;
			buildSettings = {
				ALWAYS_SEARCH_USER_PATHS = NO;
				ASSETCATALOG_COMPILER_GENERATE_SWIFT_ASSET_SYMBOL_EXTENSIONS = YES;
				CLANG_ANALYZER_NONNULL = YES;
				CLANG_ANALYZER_NUMBER_OBJECT_CONVERSION = YES_AGGRESSIVE;
				CLANG_CXX_LANGUAGE_STANDARD = "gnu++20";
				CLANG_ENABLE_MODULES = YES;
				CLANG_ENABLE_OBJC_ARC = YES;
				CLANG_ENABLE_OBJC_WEAK = YES;
				CLANG_WARN_BLOCK_CAPTURE_AUTORELEASING = YES;
				CLANG_WARN_BOOL_CONVERSION = YES;
				CLANG_WARN_COMMA = YES;
				CLANG_WARN_CONSTANT_CONVERSION = YES;
				CLANG_WARN_DEPRECATED_OBJC_IMPLEMENTATIONS = YES;
				CLANG_WARN_DIRECT_OBJC_ISA_USAGE = YES_ERROR;
				CLANG_WARN_DOCUMENTATION_COMMENTS = YES;
				CLANG_WARN_EMPTY_BODY = YES;
				CLANG_WARN_ENUM_CONVERSION = YES;
				CLANG_WARN_INFINITE_RECURSION = YES;
				CLANG_WARN_INT_CONVERSION = YES;
				CLANG_WARN_NON_LITERAL_NULL_CONVERSION = YES;
				CLANG_WARN_OBJC_IMPLICIT_RETAIN_SELF = YES;
				CLANG_WARN_OBJC_LITERAL_CONVERSION = YES;
				CLANG_WARN_OBJC_ROOT_CLASS = YES_ERROR;
				CLANG_WARN_QUOTED_INCLUDE_IN_FRAMEWORK_HEADER = YES;
				CLANG_WARN_RANGE_LOOP_ANALYSIS = YES;
				CLANG_WARN_STRICT_PROTOTYPES = YES;
				CLANG_WARN_SUSPICIOUS_MOVE = YES;
				CLANG_WARN_UNGUARDED_AVAILABILITY = YES_AGGRESSIVE;
				CLANG_WARN_UNREACHABLE_CODE = YES;
				CLANG_WARN__DUPLICATE_METHOD_MATCH = YES;
				COPY_PHASE_STRIP = NO;
				DEBUG_INFORMATION_FORMAT = dwarf;
				DEVELOPMENT_TEAM = GJP2FZ8CF8;
				ENABLE_STRICT_OBJC_MSGSEND = YES;
				ENABLE_TESTABILITY = YES;
				ENABLE_USER_SCRIPT_SANDBOXING = YES;
				GCC_C_LANGUAGE_STANDARD = gnu17;
				GCC_DYNAMIC_NO_PIC = NO;
				GCC_NO_COMMON_BLOCKS = YES;
				GCC_OPTIMIZATION_LEVEL = 0;
				GCC_PREPROCESSOR_DEFINITIONS = (
					"DEBUG=1",
					"$(inherited)",
				);
				GCC_WARN_64_TO_32_BIT_CONVERSION = YES;
				GCC_WARN_ABOUT_RETURN_TYPE = YES_ERROR;
				GCC_WARN_UNDECLARED_SELECTOR = YES;
				GCC_WARN_UNINITIALIZED_AUTOS = YES_AGGRESSIVE;
				GCC_WARN_UNUSED_FUNCTION = YES;
				GCC_WARN_UNUSED_VARIABLE = YES;
				IPHONEOS_DEPLOYMENT_TARGET = 18.5;
				LOCALIZATION_PREFERS_STRING_CATALOGS = YES;
				MTL_ENABLE_DEBUG_INFO = INCLUDE_SOURCE;
				MTL_FAST_MATH = YES;
				ONLY_ACTIVE_ARCH = YES;
				SDKROOT = iphoneos;
				SWIFT_ACTIVE_COMPILATION_CONDITIONS = "DEBUG $(inherited)";
				SWIFT_OPTIMIZATION_LEVEL = "-Onone";
			};
			name = Debug;
		};
		7691D11B2E400A4D00A0D08D /* Release */ = {
			isa = XCBuildConfiguration;
			buildSettings = {
				ALWAYS_SEARCH_USER_PATHS = NO;
				ASSETCATALOG_COMPILER_GENERATE_SWIFT_ASSET_SYMBOL_EXTENSIONS = YES;
				CLANG_ANALYZER_NONNULL = YES;
				CLANG_ANALYZER_NUMBER_OBJECT_CONVERSION = YES_AGGRESSIVE;
				CLANG_CXX_LANGUAGE_STANDARD = "gnu++20";
				CLANG_ENABLE_MODULES = YES;
				CLANG_ENABLE_OBJC_ARC = YES;
				CLANG_ENABLE_OBJC_WEAK = YES;
				CLANG_WARN_BLOCK_CAPTURE_AUTORELEASING = YES;
				CLANG_WARN_BOOL_CONVERSION = YES;
				CLANG_WARN_COMMA = YES;
				CLANG_WARN_CONSTANT_CONVERSION = YES;
				CLANG_WARN_DEPRECATED_OBJC_IMPLEMENTATIONS = YES;
				CLANG_WARN_DIRECT_OBJC_ISA_USAGE = YES_ERROR;
				CLANG_WARN_DOCUMENTATION_COMMENTS = YES;
				CLANG_WARN_EMPTY_BODY = YES;
				CLANG_WARN_ENUM_CONVERSION = YES;
				CLANG_WARN_INFINITE_RECURSION = YES;
				CLANG_WARN_INT_CONVERSION = YES;
				CLANG_WARN_NON_LITERAL_NULL_CONVERSION = YES;
				CLANG_WARN_OBJC_IMPLICIT_RETAIN_SELF = YES;
				CLANG_WARN_OBJC_LITERAL_CONVERSION = YES;
				CLANG_WARN_OBJC_ROOT_CLASS = YES_ERROR;
				CLANG_WARN_QUOTED_INCLUDE_IN_FRAMEWORK_HEADER = YES;
				CLANG_WARN_RANGE_LOOP_ANALYSIS = YES;
				CLANG_WARN_STRICT_PROTOTYPES = YES;
				CLANG_WARN_SUSPICIOUS_MOVE = YES;
				CLANG_WARN_UNGUARDED_AVAILABILITY = YES_AGGRESSIVE;
				CLANG_WARN_UNREACHABLE_CODE = YES;
				CLANG_WARN__DUPLICATE_METHOD_MATCH = YES;
				COPY_PHASE_STRIP = NO;
				DEBUG_INFORMATION_FORMAT = "dwarf-with-dsym";
				DEVELOPMENT_TEAM = GJP2FZ8CF8;
				ENABLE_NS_ASSERTIONS = NO;
				ENABLE_STRICT_OBJC_MSGSEND = YES;
				ENABLE_USER_SCRIPT_SANDBOXING = YES;
				GCC_C_LANGUAGE_STANDARD = gnu17;
				GCC_NO_COMMON_BLOCKS = YES;
				GCC_WARN_64_TO_32_BIT_CONVERSION = YES;
				GCC_WARN_ABOUT_RETURN_TYPE = YES_ERROR;
				GCC_WARN_UNDECLARED_SELECTOR = YES;
				GCC_WARN_UNINITIALIZED_AUTOS = YES_AGGRESSIVE;
				GCC_WARN_UNUSED_FUNCTION = YES;
				GCC_WARN_UNUSED_VARIABLE = YES;
				IPHONEOS_DEPLOYMENT_TARGET = 18.5;
				LOCALIZATION_PREFERS_STRING_CATALOGS = YES;
				MTL_ENABLE_DEBUG_INFO = NO;
				MTL_FAST_MATH = YES;
				SDKROOT = iphoneos;
				SWIFT_COMPILATION_MODE = wholemodule;
				VALIDATE_PRODUCT = YES;
			};
			name = Release;
		};
		7691D11D2E400A4D00A0D08D /* Debug */ = {
			isa = XCBuildConfiguration;
			buildSettings = {
				ASSETCATALOG_COMPILER_APPICON_NAME = AppIcon;
				ASSETCATALOG_COMPILER_GLOBAL_ACCENT_COLOR_NAME = AccentColor;
				CODE_SIGN_STYLE = Automatic;
				CURRENT_PROJECT_VERSION = 1;
				DEVELOPMENT_TEAM = GJP2FZ8CF8;
				ENABLE_PREVIEWS = YES;
				GENERATE_INFOPLIST_FILE = YES;
				INFOPLIST_KEY_NSCameraUsageDescription = "";
				INFOPLIST_KEY_UIApplicationSupportsIndirectInputEvents = YES;
				INFOPLIST_KEY_UILaunchScreen_Generation = YES;
				INFOPLIST_KEY_UIRequiredDeviceCapabilities = arkit;
				INFOPLIST_KEY_UIStatusBarHidden = YES;
				INFOPLIST_KEY_UISupportedInterfaceOrientations_iPad = "UIInterfaceOrientationPortrait UIInterfaceOrientationPortraitUpsideDown UIInterfaceOrientationLandscapeLeft UIInterfaceOrientationLandscapeRight";
				INFOPLIST_KEY_UISupportedInterfaceOrientations_iPhone = "UIInterfaceOrientationPortrait UIInterfaceOrientationLandscapeLeft UIInterfaceOrientationLandscapeRight";
				LD_RUNPATH_SEARCH_PATHS = (
					"$(inherited)",
					"@executable_path/Frameworks",
				);
				MARKETING_VERSION = 1.0;
				PRODUCT_BUNDLE_IDENTIFIER = IK.HealthViewer;
				PRODUCT_NAME = "$(TARGET_NAME)";
				SWIFT_EMIT_LOC_STRINGS = YES;
				SWIFT_VERSION = 5.0;
				TARGETED_DEVICE_FAMILY = "1,2";
			};
			name = Debug;
		};
		7691D11E2E400A4D00A0D08D /* Release */ = {
			isa = XCBuildConfiguration;
			buildSettings = {
				ASSETCATALOG_COMPILER_APPICON_NAME = AppIcon;
				ASSETCATALOG_COMPILER_GLOBAL_ACCENT_COLOR_NAME = AccentColor;
				CODE_SIGN_STYLE = Automatic;
				CURRENT_PROJECT_VERSION = 1;
				DEVELOPMENT_TEAM = GJP2FZ8CF8;
				ENABLE_PREVIEWS = YES;
				GENERATE_INFOPLIST_FILE = YES;
				INFOPLIST_KEY_NSCameraUsageDescription = "";
				INFOPLIST_KEY_UIApplicationSupportsIndirectInputEvents = YES;
				INFOPLIST_KEY_UILaunchScreen_Generation = YES;
				INFOPLIST_KEY_UIRequiredDeviceCapabilities = arkit;
				INFOPLIST_KEY_UIStatusBarHidden = YES;
				INFOPLIST_KEY_UISupportedInterfaceOrientations_iPad = "UIInterfaceOrientationPortrait UIInterfaceOrientationPortraitUpsideDown UIInterfaceOrientationLandscapeLeft UIInterfaceOrientationLandscapeRight";
				INFOPLIST_KEY_UISupportedInterfaceOrientations_iPhone = "UIInterfaceOrientationPortrait UIInterfaceOrientationLandscapeLeft UIInterfaceOrientationLandscapeRight";
				LD_RUNPATH_SEARCH_PATHS = (
					"$(inherited)",
					"@executable_path/Frameworks",
				);
				MARKETING_VERSION = 1.0;
				PRODUCT_BUNDLE_IDENTIFIER = IK.HealthViewer;
				PRODUCT_NAME = "$(TARGET_NAME)";
				SWIFT_EMIT_LOC_STRINGS = YES;
				SWIFT_VERSION = 5.0;
				TARGETED_DEVICE_FAMILY = "1,2";
			};
			name = Release;
		};
		7691D1202E400A4D00A0D08D /* Debug */ = {
			isa = XCBuildConfiguration;
			buildSettings = {
				BUNDLE_LOADER = "$(TEST_HOST)";
				CODE_SIGN_STYLE = Automatic;
				CURRENT_PROJECT_VERSION = 1;
				DEVELOPMENT_TEAM = GJP2FZ8CF8;
				GENERATE_INFOPLIST_FILE = YES;
				IPHONEOS_DEPLOYMENT_TARGET = 18.5;
				MARKETING_VERSION = 1.0;
				PRODUCT_BUNDLE_IDENTIFIER = IK.HealthViewerTests;
				PRODUCT_NAME = "$(TARGET_NAME)";
				SWIFT_EMIT_LOC_STRINGS = NO;
				SWIFT_VERSION = 5.0;
				TARGETED_DEVICE_FAMILY = "1,2";
				TEST_HOST = "$(BUILT_PRODUCTS_DIR)/HealthViewer.app/$(BUNDLE_EXECUTABLE_FOLDER_PATH)/HealthViewer";
			};
			name = Debug;
		};
		7691D1212E400A4D00A0D08D /* Release */ = {
			isa = XCBuildConfiguration;
			buildSettings = {
				BUNDLE_LOADER = "$(TEST_HOST)";
				CODE_SIGN_STYLE = Automatic;
				CURRENT_PROJECT_VERSION = 1;
				DEVELOPMENT_TEAM = GJP2FZ8CF8;
				GENERATE_INFOPLIST_FILE = YES;
				IPHONEOS_DEPLOYMENT_TARGET = 18.5;
				MARKETING_VERSION = 1.0;
				PRODUCT_BUNDLE_IDENTIFIER = IK.HealthViewerTests;
				PRODUCT_NAME = "$(TARGET_NAME)";
				SWIFT_EMIT_LOC_STRINGS = NO;
				SWIFT_VERSION = 5.0;
				TARGETED_DEVICE_FAMILY = "1,2";
				TEST_HOST = "$(BUILT_PRODUCTS_DIR)/HealthViewer.app/$(BUNDLE_EXECUTABLE_FOLDER_PATH)/HealthViewer";
			};
			name = Release;
		};
		7691D1232E400A4D00A0D08D /* Debug */ = {
			isa = XCBuildConfiguration;
			buildSettings = {
				CODE_SIGN_STYLE = Automatic;
				CURRENT_PROJECT_VERSION = 1;
				DEVELOPMENT_TEAM = GJP2FZ8CF8;
				GENERATE_INFOPLIST_FILE = YES;
				MARKETING_VERSION = 1.0;
				PRODUCT_BUNDLE_IDENTIFIER = IK.HealthViewerUITests;
				PRODUCT_NAME = "$(TARGET_NAME)";
				SWIFT_EMIT_LOC_STRINGS = NO;
				SWIFT_VERSION = 5.0;
				TARGETED_DEVICE_FAMILY = "1,2";
				TEST_TARGET_NAME = HealthViewer;
			};
			name = Debug;
		};
		7691D1242E400A4D00A0D08D /* Release */ = {
			isa = XCBuildConfiguration;
			buildSettings = {
				CODE_SIGN_STYLE = Automatic;
				CURRENT_PROJECT_VERSION = 1;
				DEVELOPMENT_TEAM = GJP2FZ8CF8;
				GENERATE_INFOPLIST_FILE = YES;
				MARKETING_VERSION = 1.0;
				PRODUCT_BUNDLE_IDENTIFIER = IK.HealthViewerUITests;
				PRODUCT_NAME = "$(TARGET_NAME)";
				SWIFT_EMIT_LOC_STRINGS = NO;
				SWIFT_VERSION = 5.0;
				TARGETED_DEVICE_FAMILY = "1,2";
				TEST_TARGET_NAME = HealthViewer;
			};
			name = Release;
		};
/* End XCBuildConfiguration section */

/* Begin XCConfigurationList section */
		7691D0F62E400A4700A0D08D /* Build configuration list for PBXProject "HealthViewer" */ = {
			isa = XCConfigurationList;
			buildConfigurations = (
				7691D11A2E400A4D00A0D08D /* Debug */,
				7691D11B2E400A4D00A0D08D /* Release */,
			);
			defaultConfigurationIsVisible = 0;
			defaultConfigurationName = Release;
		};
		7691D11C2E400A4D00A0D08D /* Build configuration list for PBXNativeTarget "HealthViewer" */ = {
			isa = XCConfigurationList;
			buildConfigurations = (
				7691D11D2E400A4D00A0D08D /* Debug */,
				7691D11E2E400A4D00A0D08D /* Release */,
			);
			defaultConfigurationIsVisible = 0;
			defaultConfigurationName = Release;
		};
		7691D11F2E400A4D00A0D08D /* Build configuration list for PBXNativeTarget "HealthViewerTests" */ = {
			isa = XCConfigurationList;
			buildConfigurations = (
				7691D1202E400A4D00A0D08D /* Debug */,
				7691D1212E400A4D00A0D08D /* Release */,
			);
			defaultConfigurationIsVisible = 0;
			defaultConfigurationName = Release;
		};
		7691D1222E400A4D00A0D08D /* Build configuration list for PBXNativeTarget "HealthViewerUITests" */ = {
			isa = XCConfigurationList;
			buildConfigurations = (
				7691D1232E400A4D00A0D08D /* Debug */,
				7691D1242E400A4D00A0D08D /* Release */,
			);
			defaultConfigurationIsVisible = 0;
			defaultConfigurationName = Release;
		};
/* End XCConfigurationList section */
	};
	rootObject = 7691D0F32E400A4700A0D08D /* Project object */;
}
